
Microsoft Visual Studio Solution File, Format Version 12.00
# Visual Studio Version 16
VisualStudioVersion = 16.0.31112.23
MinimumVisualStudioVersion = 10.0.40219.1
Project("{FAE04EC0-301F-11D3-BF4B-00C04F79EFBC}") = "HKCLTool", "HKCLTool\HKCLTool.csproj", "{D357BED1-7A69-47DA-ABBB-BB41A3E6B8BD}"
EndProject
Global
	GlobalSection(SolutionConfigurationPlatforms) = preSolution
		Debug|Any CPU = Debug|Any CPU
		Release|Any CPU = Release|Any CPU
	EndGlobalSection
	GlobalSection(ProjectConfigurationPlatforms) = postSolution
		{D357BED1-7A69-47DA-ABBB-BB41A3E6B8BD}.Debug|Any CPU.ActiveCfg = Debug|Any CPU
		{D357BED1-7A69-47DA-ABBB-BB41A3E6B8BD}.Debug|Any CPU.Build.0 = Debug|Any CPU
		{D357BED1-7A69-47DA-ABBB-BB41A3E6B8BD}.Release|Any CPU.ActiveCfg = Release|Any CPU
		{D357BED1-7A69-47DA-ABBB-BB41A3E6B8BD}.Release|Any CPU.Build.0 = Release|Any CPU
	EndGlobalSection
	GlobalSection(SolutionProperties) = preSolution
		HideSolutionNode = FALSE
	EndGlobalSection
	GlobalSection(ExtensibilityGlobals) = postSolution
		SolutionGuid = {E6FD1723-FA3A-4DF9-9B2B-A6FF9277A3AA}
	EndGlobalSection
EndGlobal
